
Microsoft Visual Studio Solution File, Format Version 12.00
# Visual Studio Version 17
VisualStudioVersion = 17.3.32804.467
MinimumVisualStudioVersion = 10.0.40219.1
Project("{FAE04EC0-301F-11D3-BF4B-00C04F79EFBC}") = "SOLID_Example", "SOLID_Example\SOLID_Example.csproj", "{25FC604E-642D-4044-8575-2B261E2874AF}"
EndProject
Global
	GlobalSection(SolutionConfigurationPlatforms) = preSolution
		Debug|Any CPU = Debug|Any CPU
		Release|Any CPU = Release|Any CPU
	EndGlobalSection
	GlobalSection(ProjectConfigurationPlatforms) = postSolution
		{25FC604E-642D-4044-8575-2B261E2874AF}.Debug|Any CPU.ActiveCfg = Debug|Any CPU
		{25FC604E-642D-4044-8575-2B261E2874AF}.Debug|Any CPU.Build.0 = Debug|Any CPU
		{25FC604E-642D-4044-8575-2B261E2874AF}.Release|Any CPU.ActiveCfg = Release|Any CPU
		{25FC604E-642D-4044-8575-2B261E2874AF}.Release|Any CPU.Build.0 = Release|Any CPU
	EndGlobalSection
	GlobalSection(SolutionProperties) = preSolution
		HideSolutionNode = FALSE
	EndGlobalSection
	GlobalSection(ExtensibilityGlobals) = postSolution
		SolutionGuid = {B1A8AEF2-9CA7-4245-8E56-8503D49D0CA6}
	EndGlobalSection
EndGlobal
